// !$*UTF8*$!
{
	archiveVersion = 1;
	classes = {
	};
	objectVersion = 46;
	objects = {

/* Begin PBXBuildFile section */
		5A15AB861BFAF5A1009EF70E /* BaseObject.m in Sources */ = {isa = PBXBuildFile; fileRef = 5A15AB851BFAF5A1009EF70E /* BaseObject.m */; };
		5A320DD31B528B180071F850 /* TestObject.m in Sources */ = {isa = PBXBuildFile; fileRef = 5A320DD21B528B180071F850 /* TestObject.m */; };
		5A4B5A261B8D81DD00FC6BA8 /* CustomTests.m in Sources */ = {isa = PBXBuildFile; fileRef = 5A4B5A251B8D81DD00FC6BA8 /* CustomTests.m */; };
		5A4B5A291B8D834600FC6BA8 /* CustomObject.m in Sources */ = {isa = PBXBuildFile; fileRef = 5A4B5A281B8D834600FC6BA8 /* CustomObject.m */; };
		5A690E431BFC9940002B42FD /* JsonReciprocityManager.m in Sources */ = {isa = PBXBuildFile; fileRef = 5A690E421BFC9940002B42FD /* JsonReciprocityManager.m */; };
		5AC6BB0E1E0A9142002E1FE4 /* TestString.m in Sources */ = {isa = PBXBuildFile; fileRef = 5AC6BB0D1E0A9142002E1FE4 /* TestString.m */; };
		5AE4670D1B4E175400957C31 /* main.m in Sources */ = {isa = PBXBuildFile; fileRef = 5AE4670C1B4E175400957C31 /* main.m */; };
		5AE467101B4E175400957C31 /* AppDelegate.m in Sources */ = {isa = PBXBuildFile; fileRef = 5AE4670F1B4E175400957C31 /* AppDelegate.m */; };
		5AE467131B4E175400957C31 /* ViewController.m in Sources */ = {isa = PBXBuildFile; fileRef = 5AE467121B4E175400957C31 /* ViewController.m */; };
		5AE467161B4E175400957C31 /* Main.storyboard in Resources */ = {isa = PBXBuildFile; fileRef = 5AE467141B4E175400957C31 /* Main.storyboard */; };
		5AE467181B4E175400957C31 /* Images.xcassets in Resources */ = {isa = PBXBuildFile; fileRef = 5AE467171B4E175400957C31 /* Images.xcassets */; };
		5AE4671B1B4E175400957C31 /* LaunchScreen.xib in Resources */ = {isa = PBXBuildFile; fileRef = 5AE467191B4E175400957C31 /* LaunchScreen.xib */; };
		5AE467271B4E175400957C31 /* JsonReciprocityTests.m in Sources */ = {isa = PBXBuildFile; fileRef = 5AE467261B4E175400957C31 /* JsonReciprocityTests.m */; };
		5AE4673A1B4E177200957C31 /* JsonDeserializstion.m in Sources */ = {isa = PBXBuildFile; fileRef = 5AE467321B4E177200957C31 /* JsonDeserializstion.m */; };
		5AE4673B1B4E177200957C31 /* JsonSerialization.m in Sources */ = {isa = PBXBuildFile; fileRef = 5AE467351B4E177200957C31 /* JsonSerialization.m */; };
		5AE4673C1B4E177200957C31 /* NSMutableDictionary+SafeSet.m in Sources */ = {isa = PBXBuildFile; fileRef = 5AE467371B4E177200957C31 /* NSMutableDictionary+SafeSet.m */; };
		5AE4673D1B4E177200957C31 /* NSObject+JsonReciprocity.m in Sources */ = {isa = PBXBuildFile; fileRef = 5AE467391B4E177200957C31 /* NSObject+JsonReciprocity.m */; };
		5AE467451B4E177700957C31 /* CarModel.m in Sources */ = {isa = PBXBuildFile; fileRef = 5AE467401B4E177700957C31 /* CarModel.m */; };
		5AE467461B4E177700957C31 /* HouseModel.m in Sources */ = {isa = PBXBuildFile; fileRef = 5AE467421B4E177700957C31 /* HouseModel.m */; };
		5AE467471B4E177700957C31 /* PersonModel.m in Sources */ = {isa = PBXBuildFile; fileRef = 5AE467441B4E177700957C31 /* PersonModel.m */; };
		5AE4675F1B4E179700957C31 /* ComplexStructureTests.m in Sources */ = {isa = PBXBuildFile; fileRef = 5AE467481B4E179700957C31 /* ComplexStructureTests.m */; };
		5AE467601B4E179700957C31 /* ExchangeEachTests.m in Sources */ = {isa = PBXBuildFile; fileRef = 5AE467491B4E179700957C31 /* ExchangeEachTests.m */; };
		5AE467611B4E179700957C31 /* IrregularTests.m in Sources */ = {isa = PBXBuildFile; fileRef = 5AE4674A1B4E179700957C31 /* IrregularTests.m */; };
		5AE467621B4E179700957C31 /* JsonSerializationTests.m in Sources */ = {isa = PBXBuildFile; fileRef = 5AE4674B1B4E179700957C31 /* JsonSerializationTests.m */; };
		5AE467631B4E179700957C31 /* ObjectSerializationTests.m in Sources */ = {isa = PBXBuildFile; fileRef = 5AE4674C1B4E179700957C31 /* ObjectSerializationTests.m */; };
		5AE467641B4E179700957C31 /* SimpleTypeTests.m in Sources */ = {isa = PBXBuildFile; fileRef = 5AE4674D1B4E179700957C31 /* SimpleTypeTests.m */; };
		5AE467651B4E179700957C31 /* CarJsonModel.m in Sources */ = {isa = PBXBuildFile; fileRef = 5AE467501B4E179700957C31 /* CarJsonModel.m */; };
		5AE467661B4E179700957C31 /* CarMTLModel.m in Sources */ = {isa = PBXBuildFile; fileRef = 5AE467521B4E179700957C31 /* CarMTLModel.m */; };
		5AE467671B4E179700957C31 /* HouseJsonModel.m in Sources */ = {isa = PBXBuildFile; fileRef = 5AE467541B4E179700957C31 /* HouseJsonModel.m */; };
		5AE467681B4E179700957C31 /* HouseMTLModel.m in Sources */ = {isa = PBXBuildFile; fileRef = 5AE467561B4E179700957C31 /* HouseMTLModel.m */; };
		5AE467691B4E179700957C31 /* IrregularTestModel.m in Sources */ = {isa = PBXBuildFile; fileRef = 5AE467581B4E179700957C31 /* IrregularTestModel.m */; };
		5AE4676A1B4E179700957C31 /* PersonJsonModel.m in Sources */ = {isa = PBXBuildFile; fileRef = 5AE4675A1B4E179700957C31 /* PersonJsonModel.m */; };
		5AE4676B1B4E179700957C31 /* PersonMTLModel.m in Sources */ = {isa = PBXBuildFile; fileRef = 5AE4675C1B4E179700957C31 /* PersonMTLModel.m */; };
		5AE4676C1B4E179700957C31 /* SimpleTypeTestModel.m in Sources */ = {isa = PBXBuildFile; fileRef = 5AE4675E1B4E179700957C31 /* SimpleTypeTestModel.m */; };
		5AE467731B4E17A200957C31 /* complex.json in Resources */ = {isa = PBXBuildFile; fileRef = 5AE4676E1B4E17A200957C31 /* complex.json */; };
		5AE467741B4E17A200957C31 /* complex.json in Resources */ = {isa = PBXBuildFile; fileRef = 5AE4676E1B4E17A200957C31 /* complex.json */; };
		5AE467751B4E17A200957C31 /* irregular_key.json in Resources */ = {isa = PBXBuildFile; fileRef = 5AE4676F1B4E17A200957C31 /* irregular_key.json */; };
		5AE467761B4E17A200957C31 /* irregular_key.json in Resources */ = {isa = PBXBuildFile; fileRef = 5AE4676F1B4E17A200957C31 /* irregular_key.json */; };
		5AE467771B4E17A200957C31 /* multi_complex.json in Resources */ = {isa = PBXBuildFile; fileRef = 5AE467701B4E17A200957C31 /* multi_complex.json */; };
		5AE467781B4E17A200957C31 /* multi_complex.json in Resources */ = {isa = PBXBuildFile; fileRef = 5AE467701B4E17A200957C31 /* multi_complex.json */; };
		5AE467791B4E17A200957C31 /* simple_type.json in Resources */ = {isa = PBXBuildFile; fileRef = 5AE467711B4E17A200957C31 /* simple_type.json */; };
		5AE4677A1B4E17A200957C31 /* simple_type.json in Resources */ = {isa = PBXBuildFile; fileRef = 5AE467711B4E17A200957C31 /* simple_type.json */; };
		5AE4677B1B4E17A200957C31 /* single_complex.json in Resources */ = {isa = PBXBuildFile; fileRef = 5AE467721B4E17A200957C31 /* single_complex.json */; };
		5AE4677C1B4E17A200957C31 /* single_complex.json in Resources */ = {isa = PBXBuildFile; fileRef = 5AE467721B4E17A200957C31 /* single_complex.json */; };
		7107C684217431DCFB50A3AF /* libPods-JsonReciprocityTests.a in Frameworks */ = {isa = PBXBuildFile; fileRef = 79BD5CCFBA0116482AB864FC /* libPods-JsonReciprocityTests.a */; };
/* End PBXBuildFile section */

/* Begin PBXContainerItemProxy section */
		5AE467211B4E175400957C31 /* PBXContainerItemProxy */ = {
			isa = PBXContainerItemProxy;
			containerPortal = 5AE466FF1B4E175400957C31 /* Project object */;
			proxyType = 1;
			remoteGlobalIDString = 5AE467061B4E175400957C31;
			remoteInfo = JsonReciprocity;
		};
/* End PBXContainerItemProxy section */

/* Begin PBXFileReference section */
		5A15AB841BFAF5A1009EF70E /* BaseObject.h */ = {isa = PBXFileReference; fileEncoding = 4; lastKnownFileType = sourcecode.c.h; path = BaseObject.h; sourceTree = "<group>"; };
		5A15AB851BFAF5A1009EF70E /* BaseObject.m */ = {isa = PBXFileReference; fileEncoding = 4; lastKnownFileType = sourcecode.c.objc; path = BaseObject.m; sourceTree = "<group>"; };
		5A320DD11B528B180071F850 /* TestObject.h */ = {isa = PBXFileReference; fileEncoding = 4; lastKnownFileType = sourcecode.c.h; path = TestObject.h; sourceTree = "<group>"; };
		5A320DD21B528B180071F850 /* TestObject.m */ = {isa = PBXFileReference; fileEncoding = 4; lastKnownFileType = sourcecode.c.objc; path = TestObject.m; sourceTree = "<group>"; };
		5A4B5A251B8D81DD00FC6BA8 /* CustomTests.m */ = {isa = PBXFileReference; fileEncoding = 4; lastKnownFileType = sourcecode.c.objc; path = CustomTests.m; sourceTree = "<group>"; };
		5A4B5A271B8D834600FC6BA8 /* CustomObject.h */ = {isa = PBXFileReference; fileEncoding = 4; lastKnownFileType = sourcecode.c.h; path = CustomObject.h; sourceTree = "<group>"; };
		5A4B5A281B8D834600FC6BA8 /* CustomObject.m */ = {isa = PBXFileReference; fileEncoding = 4; lastKnownFileType = sourcecode.c.objc; path = CustomObject.m; sourceTree = "<group>"; };
		5A690E411BFC9940002B42FD /* JsonReciprocityManager.h */ = {isa = PBXFileReference; fileEncoding = 4; lastKnownFileType = sourcecode.c.h; path = JsonReciprocityManager.h; sourceTree = "<group>"; };
		5A690E421BFC9940002B42FD /* JsonReciprocityManager.m */ = {isa = PBXFileReference; fileEncoding = 4; lastKnownFileType = sourcecode.c.objc; path = JsonReciprocityManager.m; sourceTree = "<group>"; };
		5AC6BB0C1E0A9142002E1FE4 /* TestString.h */ = {isa = PBXFileReference; fileEncoding = 4; lastKnownFileType = sourcecode.c.h; path = TestString.h; sourceTree = "<group>"; };
		5AC6BB0D1E0A9142002E1FE4 /* TestString.m */ = {isa = PBXFileReference; fileEncoding = 4; lastKnownFileType = sourcecode.c.objc; path = TestString.m; sourceTree = "<group>"; };
		5AE467071B4E175400957C31 /* JsonReciprocity.app */ = {isa = PBXFileReference; explicitFileType = wrapper.application; includeInIndex = 0; path = JsonReciprocity.app; sourceTree = BUILT_PRODUCTS_DIR; };
		5AE4670B1B4E175400957C31 /* Info.plist */ = {isa = PBXFileReference; lastKnownFileType = text.plist.xml; path = Info.plist; sourceTree = "<group>"; };
		5AE4670C1B4E175400957C31 /* main.m */ = {isa = PBXFileReference; lastKnownFileType = sourcecode.c.objc; path = main.m; sourceTree = "<group>"; };
		5AE4670E1B4E175400957C31 /* AppDelegate.h */ = {isa = PBXFileReference; lastKnownFileType = sourcecode.c.h; path = AppDelegate.h; sourceTree = "<group>"; };
		5AE4670F1B4E175400957C31 /* AppDelegate.m */ = {isa = PBXFileReference; lastKnownFileType = sourcecode.c.objc; path = AppDelegate.m; sourceTree = "<group>"; };
		5AE467111B4E175400957C31 /* ViewController.h */ = {isa = PBXFileReference; lastKnownFileType = sourcecode.c.h; path = ViewController.h; sourceTree = "<group>"; };
		5AE467121B4E175400957C31 /* ViewController.m */ = {isa = PBXFileReference; lastKnownFileType = sourcecode.c.objc; path = ViewController.m; sourceTree = "<group>"; };
		5AE467151B4E175400957C31 /* Base */ = {isa = PBXFileReference; lastKnownFileType = file.storyboard; name = Base; path = Base.lproj/Main.storyboard; sourceTree = "<group>"; };
		5AE467171B4E175400957C31 /* Images.xcassets */ = {isa = PBXFileReference; lastKnownFileType = folder.assetcatalog; path = Images.xcassets; sourceTree = "<group>"; };
		5AE4671A1B4E175400957C31 /* Base */ = {isa = PBXFileReference; lastKnownFileType = file.xib; name = Base; path = Base.lproj/LaunchScreen.xib; sourceTree = "<group>"; };
		5AE467201B4E175400957C31 /* JsonReciprocityTests.xctest */ = {isa = PBXFileReference; explicitFileType = wrapper.cfbundle; includeInIndex = 0; path = JsonReciprocityTests.xctest; sourceTree = BUILT_PRODUCTS_DIR; };
		5AE467251B4E175400957C31 /* Info.plist */ = {isa = PBXFileReference; lastKnownFileType = text.plist.xml; path = Info.plist; sourceTree = "<group>"; };
		5AE467261B4E175400957C31 /* JsonReciprocityTests.m */ = {isa = PBXFileReference; lastKnownFileType = sourcecode.c.objc; path = JsonReciprocityTests.m; sourceTree = "<group>"; };
		5AE467311B4E177200957C31 /* JsonDeserialization.h */ = {isa = PBXFileReference; fileEncoding = 4; lastKnownFileType = sourcecode.c.h; path = JsonDeserialization.h; sourceTree = "<group>"; };
		5AE467321B4E177200957C31 /* JsonDeserializstion.m */ = {isa = PBXFileReference; fileEncoding = 4; lastKnownFileType = sourcecode.c.objc; path = JsonDeserializstion.m; sourceTree = "<group>"; };
		5AE467331B4E177200957C31 /* JsonReciprocity.h */ = {isa = PBXFileReference; fileEncoding = 4; lastKnownFileType = sourcecode.c.h; path = JsonReciprocity.h; sourceTree = "<group>"; };
		5AE467341B4E177200957C31 /* JsonSerialization.h */ = {isa = PBXFileReference; fileEncoding = 4; lastKnownFileType = sourcecode.c.h; path = JsonSerialization.h; sourceTree = "<group>"; };
		5AE467351B4E177200957C31 /* JsonSerialization.m */ = {isa = PBXFileReference; fileEncoding = 4; lastKnownFileType = sourcecode.c.objc; path = JsonSerialization.m; sourceTree = "<group>"; };
		5AE467361B4E177200957C31 /* NSMutableDictionary+SafeSet.h */ = {isa = PBXFileReference; fileEncoding = 4; lastKnownFileType = sourcecode.c.h; path = "NSMutableDictionary+SafeSet.h"; sourceTree = "<group>"; };
		5AE467371B4E177200957C31 /* NSMutableDictionary+SafeSet.m */ = {isa = PBXFileReference; fileEncoding = 4; lastKnownFileType = sourcecode.c.objc; path = "NSMutableDictionary+SafeSet.m"; sourceTree = "<group>"; };
		5AE467381B4E177200957C31 /* NSObject+JsonReciprocity.h */ = {isa = PBXFileReference; fileEncoding = 4; lastKnownFileType = sourcecode.c.h; path = "NSObject+JsonReciprocity.h"; sourceTree = "<group>"; };
		5AE467391B4E177200957C31 /* NSObject+JsonReciprocity.m */ = {isa = PBXFileReference; fileEncoding = 4; lastKnownFileType = sourcecode.c.objc; path = "NSObject+JsonReciprocity.m"; sourceTree = "<group>"; };
		5AE4673F1B4E177700957C31 /* CarModel.h */ = {isa = PBXFileReference; fileEncoding = 4; lastKnownFileType = sourcecode.c.h; path = CarModel.h; sourceTree = "<group>"; };
		5AE467401B4E177700957C31 /* CarModel.m */ = {isa = PBXFileReference; fileEncoding = 4; lastKnownFileType = sourcecode.c.objc; path = CarModel.m; sourceTree = "<group>"; };
		5AE467411B4E177700957C31 /* HouseModel.h */ = {isa = PBXFileReference; fileEncoding = 4; lastKnownFileType = sourcecode.c.h; path = HouseModel.h; sourceTree = "<group>"; };
		5AE467421B4E177700957C31 /* HouseModel.m */ = {isa = PBXFileReference; fileEncoding = 4; lastKnownFileType = sourcecode.c.objc; path = HouseModel.m; sourceTree = "<group>"; };
		5AE467431B4E177700957C31 /* PersonModel.h */ = {isa = PBXFileReference; fileEncoding = 4; lastKnownFileType = sourcecode.c.h; path = PersonModel.h; sourceTree = "<group>"; };
		5AE467441B4E177700957C31 /* PersonModel.m */ = {isa = PBXFileReference; fileEncoding = 4; lastKnownFileType = sourcecode.c.objc; path = PersonModel.m; sourceTree = "<group>"; };
		5AE467481B4E179700957C31 /* ComplexStructureTests.m */ = {isa = PBXFileReference; fileEncoding = 4; lastKnownFileType = sourcecode.c.objc; path = ComplexStructureTests.m; sourceTree = "<group>"; };
		5AE467491B4E179700957C31 /* ExchangeEachTests.m */ = {isa = PBXFileReference; fileEncoding = 4; lastKnownFileType = sourcecode.c.objc; path = ExchangeEachTests.m; sourceTree = "<group>"; };
		5AE4674A1B4E179700957C31 /* IrregularTests.m */ = {isa = PBXFileReference; fileEncoding = 4; lastKnownFileType = sourcecode.c.objc; path = IrregularTests.m; sourceTree = "<group>"; };
		5AE4674B1B4E179700957C31 /* JsonSerializationTests.m */ = {isa = PBXFileReference; fileEncoding = 4; lastKnownFileType = sourcecode.c.objc; path = JsonSerializationTests.m; sourceTree = "<group>"; };
		5AE4674C1B4E179700957C31 /* ObjectSerializationTests.m */ = {isa = PBXFileReference; fileEncoding = 4; lastKnownFileType = sourcecode.c.objc; path = ObjectSerializationTests.m; sourceTree = "<group>"; };
		5AE4674D1B4E179700957C31 /* SimpleTypeTests.m */ = {isa = PBXFileReference; fileEncoding = 4; lastKnownFileType = sourcecode.c.objc; path = SimpleTypeTests.m; sourceTree = "<group>"; };
		5AE4674F1B4E179700957C31 /* CarJsonModel.h */ = {isa = PBXFileReference; fileEncoding = 4; lastKnownFileType = sourcecode.c.h; path = CarJsonModel.h; sourceTree = "<group>"; };
		5AE467501B4E179700957C31 /* CarJsonModel.m */ = {isa = PBXFileReference; fileEncoding = 4; lastKnownFileType = sourcecode.c.objc; path = CarJsonModel.m; sourceTree = "<group>"; };
		5AE467511B4E179700957C31 /* CarMTLModel.h */ = {isa = PBXFileReference; fileEncoding = 4; lastKnownFileType = sourcecode.c.h; path = CarMTLModel.h; sourceTree = "<group>"; };
		5AE467521B4E179700957C31 /* CarMTLModel.m */ = {isa = PBXFileReference; fileEncoding = 4; lastKnownFileType = sourcecode.c.objc; path = CarMTLModel.m; sourceTree = "<group>"; };
		5AE467531B4E179700957C31 /* HouseJsonModel.h */ = {isa = PBXFileReference; fileEncoding = 4; lastKnownFileType = sourcecode.c.h; path = HouseJsonModel.h; sourceTree = "<group>"; };
		5AE467541B4E179700957C31 /* HouseJsonModel.m */ = {isa = PBXFileReference; fileEncoding = 4; lastKnownFileType = sourcecode.c.objc; path = HouseJsonModel.m; sourceTree = "<group>"; };
		5AE467551B4E179700957C31 /* HouseMTLModel.h */ = {isa = PBXFileReference; fileEncoding = 4; lastKnownFileType = sourcecode.c.h; path = HouseMTLModel.h; sourceTree = "<group>"; };
		5AE467561B4E179700957C31 /* HouseMTLModel.m */ = {isa = PBXFileReference; fileEncoding = 4; lastKnownFileType = sourcecode.c.objc; path = HouseMTLModel.m; sourceTree = "<group>"; };
		5AE467571B4E179700957C31 /* IrregularTestModel.h */ = {isa = PBXFileReference; fileEncoding = 4; lastKnownFileType = sourcecode.c.h; path = IrregularTestModel.h; sourceTree = "<group>"; };
		5AE467581B4E179700957C31 /* IrregularTestModel.m */ = {isa = PBXFileReference; fileEncoding = 4; lastKnownFileType = sourcecode.c.objc; path = IrregularTestModel.m; sourceTree = "<group>"; };
		5AE467591B4E179700957C31 /* PersonJsonModel.h */ = {isa = PBXFileReference; fileEncoding = 4; lastKnownFileType = sourcecode.c.h; path = PersonJsonModel.h; sourceTree = "<group>"; };
		5AE4675A1B4E179700957C31 /* PersonJsonModel.m */ = {isa = PBXFileReference; fileEncoding = 4; lastKnownFileType = sourcecode.c.objc; path = PersonJsonModel.m; sourceTree = "<group>"; };
		5AE4675B1B4E179700957C31 /* PersonMTLModel.h */ = {isa = PBXFileReference; fileEncoding = 4; lastKnownFileType = sourcecode.c.h; path = PersonMTLModel.h; sourceTree = "<group>"; };
		5AE4675C1B4E179700957C31 /* PersonMTLModel.m */ = {isa = PBXFileReference; fileEncoding = 4; lastKnownFileType = sourcecode.c.objc; path = PersonMTLModel.m; sourceTree = "<group>"; };
		5AE4675D1B4E179700957C31 /* SimpleTypeTestModel.h */ = {isa = PBXFileReference; fileEncoding = 4; lastKnownFileType = sourcecode.c.h; path = SimpleTypeTestModel.h; sourceTree = "<group>"; };
		5AE4675E1B4E179700957C31 /* SimpleTypeTestModel.m */ = {isa = PBXFileReference; fileEncoding = 4; lastKnownFileType = sourcecode.c.objc; path = SimpleTypeTestModel.m; sourceTree = "<group>"; };
		5AE4676E1B4E17A200957C31 /* complex.json */ = {isa = PBXFileReference; fileEncoding = 4; lastKnownFileType = text.json; path = complex.json; sourceTree = "<group>"; };
		5AE4676F1B4E17A200957C31 /* irregular_key.json */ = {isa = PBXFileReference; fileEncoding = 4; lastKnownFileType = text.json; path = irregular_key.json; sourceTree = "<group>"; };
		5AE467701B4E17A200957C31 /* multi_complex.json */ = {isa = PBXFileReference; fileEncoding = 4; lastKnownFileType = text.json; path = multi_complex.json; sourceTree = "<group>"; };
		5AE467711B4E17A200957C31 /* simple_type.json */ = {isa = PBXFileReference; fileEncoding = 4; lastKnownFileType = text.json; path = simple_type.json; sourceTree = "<group>"; };
		5AE467721B4E17A200957C31 /* single_complex.json */ = {isa = PBXFileReference; fileEncoding = 4; lastKnownFileType = text.json; path = single_complex.json; sourceTree = "<group>"; };
		6F72276313C23B4CF8F8F2F0 /* Pods-JsonReciprocityTests.debug.xcconfig */ = {isa = PBXFileReference; includeInIndex = 1; lastKnownFileType = text.xcconfig; name = "Pods-JsonReciprocityTests.debug.xcconfig"; path = "Pods/Target Support Files/Pods-JsonReciprocityTests/Pods-JsonReciprocityTests.debug.xcconfig"; sourceTree = "<group>"; };
		79BD5CCFBA0116482AB864FC /* libPods-JsonReciprocityTests.a */ = {isa = PBXFileReference; explicitFileType = archive.ar; includeInIndex = 0; path = "libPods-JsonReciprocityTests.a"; sourceTree = BUILT_PRODUCTS_DIR; };
		B177AFAFFEC0772B471A0E27 /* Pods-JsonReciprocityTests.release.xcconfig */ = {isa = PBXFileReference; includeInIndex = 1; lastKnownFileType = text.xcconfig; name = "Pods-JsonReciprocityTests.release.xcconfig"; path = "Pods/Target Support Files/Pods-JsonReciprocityTests/Pods-JsonReciprocityTests.release.xcconfig"; sourceTree = "<group>"; };
/* End PBXFileReference section */

/* Begin PBXFrameworksBuildPhase section */
		5AE467041B4E175400957C31 /* Frameworks */ = {
			isa = PBXFrameworksBuildPhase;
			buildActionMask = 2147483647;
			files = (
			);
			runOnlyForDeploymentPostprocessing = 0;
		};
		5AE4671D1B4E175400957C31 /* Frameworks */ = {
			isa = PBXFrameworksBuildPhase;
			buildActionMask = 2147483647;
			files = (
				7107C684217431DCFB50A3AF /* libPods-JsonReciprocityTests.a in Frameworks */,
			);
			runOnlyForDeploymentPostprocessing = 0;
		};
/* End PBXFrameworksBuildPhase section */

/* Begin PBXGroup section */
		331DF47F07C5C165C8306629 /* Pods */ = {
			isa = PBXGroup;
			children = (
				6F72276313C23B4CF8F8F2F0 /* Pods-JsonReciprocityTests.debug.xcconfig */,
				B177AFAFFEC0772B471A0E27 /* Pods-JsonReciprocityTests.release.xcconfig */,
			);
			name = Pods;
			sourceTree = "<group>";
		};
		5AE466FE1B4E175400957C31 = {
			isa = PBXGroup;
			children = (
				5AE467091B4E175400957C31 /* JsonReciprocity */,
				5AE467231B4E175400957C31 /* JsonReciprocityTests */,
				5AE467081B4E175400957C31 /* Products */,
				331DF47F07C5C165C8306629 /* Pods */,
				E9458CCF042A151BD8996291 /* Frameworks */,
			);
			sourceTree = "<group>";
		};
		5AE467081B4E175400957C31 /* Products */ = {
			isa = PBXGroup;
			children = (
				5AE467071B4E175400957C31 /* JsonReciprocity.app */,
				5AE467201B4E175400957C31 /* JsonReciprocityTests.xctest */,
			);
			name = Products;
			sourceTree = "<group>";
		};
		5AE467091B4E175400957C31 /* JsonReciprocity */ = {
			isa = PBXGroup;
			children = (
				5AE4673E1B4E177700957C31 /* Model */,
				5AE467301B4E177200957C31 /* JsonReciprocity */,
				5AE4670E1B4E175400957C31 /* AppDelegate.h */,
				5AE4670F1B4E175400957C31 /* AppDelegate.m */,
				5AE467111B4E175400957C31 /* ViewController.h */,
				5AE467121B4E175400957C31 /* ViewController.m */,
				5AE467141B4E175400957C31 /* Main.storyboard */,
				5AE467171B4E175400957C31 /* Images.xcassets */,
				5AE467191B4E175400957C31 /* LaunchScreen.xib */,
				5AE4670A1B4E175400957C31 /* Supporting Files */,
			);
			path = JsonReciprocity;
			sourceTree = "<group>";
		};
		5AE4670A1B4E175400957C31 /* Supporting Files */ = {
			isa = PBXGroup;
			children = (
				5AE4670B1B4E175400957C31 /* Info.plist */,
				5AE4670C1B4E175400957C31 /* main.m */,
			);
			name = "Supporting Files";
			sourceTree = "<group>";
		};
		5AE467231B4E175400957C31 /* JsonReciprocityTests */ = {
			isa = PBXGroup;
			children = (
				5AE4674E1B4E179700957C31 /* TestModels */,
				5AE4676D1B4E17A200957C31 /* JsonFile */,
				5AE467481B4E179700957C31 /* ComplexStructureTests.m */,
				5AE467491B4E179700957C31 /* ExchangeEachTests.m */,
				5AE4674A1B4E179700957C31 /* IrregularTests.m */,
				5AE4674B1B4E179700957C31 /* JsonSerializationTests.m */,
				5AE4674C1B4E179700957C31 /* ObjectSerializationTests.m */,
				5AE4674D1B4E179700957C31 /* SimpleTypeTests.m */,
				5AE467261B4E175400957C31 /* JsonReciprocityTests.m */,
				5AE467241B4E175400957C31 /* Supporting Files */,
				5A4B5A251B8D81DD00FC6BA8 /* CustomTests.m */,
			);
			path = JsonReciprocityTests;
			sourceTree = "<group>";
		};
		5AE467241B4E175400957C31 /* Supporting Files */ = {
			isa = PBXGroup;
			children = (
				5AE467251B4E175400957C31 /* Info.plist */,
			);
			name = "Supporting Files";
			sourceTree = "<group>";
		};
		5AE467301B4E177200957C31 /* JsonReciprocity */ = {
			isa = PBXGroup;
			children = (
				5A690E411BFC9940002B42FD /* JsonReciprocityManager.h */,
				5A690E421BFC9940002B42FD /* JsonReciprocityManager.m */,
				5AE467311B4E177200957C31 /* JsonDeserialization.h */,
				5AE467321B4E177200957C31 /* JsonDeserializstion.m */,
				5AE467331B4E177200957C31 /* JsonReciprocity.h */,
				5AE467341B4E177200957C31 /* JsonSerialization.h */,
				5AE467351B4E177200957C31 /* JsonSerialization.m */,
				5AE467361B4E177200957C31 /* NSMutableDictionary+SafeSet.h */,
				5AE467371B4E177200957C31 /* NSMutableDictionary+SafeSet.m */,
				5AE467381B4E177200957C31 /* NSObject+JsonReciprocity.h */,
				5AE467391B4E177200957C31 /* NSObject+JsonReciprocity.m */,
			);
			path = JsonReciprocity;
			sourceTree = "<group>";
		};
		5AE4673E1B4E177700957C31 /* Model */ = {
			isa = PBXGroup;
			children = (
				5AE4673F1B4E177700957C31 /* CarModel.h */,
				5AE467401B4E177700957C31 /* CarModel.m */,
				5AE467411B4E177700957C31 /* HouseModel.h */,
				5AE467421B4E177700957C31 /* HouseModel.m */,
				5AE467431B4E177700957C31 /* PersonModel.h */,
				5AE467441B4E177700957C31 /* PersonModel.m */,
				5A320DD11B528B180071F850 /* TestObject.h */,
				5A320DD21B528B180071F850 /* TestObject.m */,
				5A15AB841BFAF5A1009EF70E /* BaseObject.h */,
				5A15AB851BFAF5A1009EF70E /* BaseObject.m */,
				5AC6BB0C1E0A9142002E1FE4 /* TestString.h */,
				5AC6BB0D1E0A9142002E1FE4 /* TestString.m */,
			);
			path = Model;
			sourceTree = "<group>";
		};
		5AE4674E1B4E179700957C31 /* TestModels */ = {
			isa = PBXGroup;
			children = (
				5AE4674F1B4E179700957C31 /* CarJsonModel.h */,
				5AE467501B4E179700957C31 /* CarJsonModel.m */,
				5AE467511B4E179700957C31 /* CarMTLModel.h */,
				5AE467521B4E179700957C31 /* CarMTLModel.m */,
				5AE467531B4E179700957C31 /* HouseJsonModel.h */,
				5AE467541B4E179700957C31 /* HouseJsonModel.m */,
				5AE467551B4E179700957C31 /* HouseMTLModel.h */,
				5AE467561B4E179700957C31 /* HouseMTLModel.m */,
				5AE467571B4E179700957C31 /* IrregularTestModel.h */,
				5AE467581B4E179700957C31 /* IrregularTestModel.m */,
				5AE467591B4E179700957C31 /* PersonJsonModel.h */,
				5AE4675A1B4E179700957C31 /* PersonJsonModel.m */,
				5AE4675B1B4E179700957C31 /* PersonMTLModel.h */,
				5AE4675C1B4E179700957C31 /* PersonMTLModel.m */,
				5AE4675D1B4E179700957C31 /* SimpleTypeTestModel.h */,
				5AE4675E1B4E179700957C31 /* SimpleTypeTestModel.m */,
				5A4B5A271B8D834600FC6BA8 /* CustomObject.h */,
				5A4B5A281B8D834600FC6BA8 /* CustomObject.m */,
			);
			path = TestModels;
			sourceTree = "<group>";
		};
		5AE4676D1B4E17A200957C31 /* JsonFile */ = {
			isa = PBXGroup;
			children = (
				5AE4676E1B4E17A200957C31 /* complex.json */,
				5AE4676F1B4E17A200957C31 /* irregular_key.json */,
				5AE467701B4E17A200957C31 /* multi_complex.json */,
				5AE467711B4E17A200957C31 /* simple_type.json */,
				5AE467721B4E17A200957C31 /* single_complex.json */,
			);
			path = JsonFile;
			sourceTree = "<group>";
		};
		E9458CCF042A151BD8996291 /* Frameworks */ = {
			isa = PBXGroup;
			children = (
				79BD5CCFBA0116482AB864FC /* libPods-JsonReciprocityTests.a */,
			);
			name = Frameworks;
			sourceTree = "<group>";
		};
/* End PBXGroup section */

/* Begin PBXNativeTarget section */
		5AE467061B4E175400957C31 /* JsonReciprocity */ = {
			isa = PBXNativeTarget;
			buildConfigurationList = 5AE4672A1B4E175400957C31 /* Build configuration list for PBXNativeTarget "JsonReciprocity" */;
			buildPhases = (
				5AE467031B4E175400957C31 /* Sources */,
				5AE467041B4E175400957C31 /* Frameworks */,
				5AE467051B4E175400957C31 /* Resources */,
			);
			buildRules = (
			);
			dependencies = (
			);
			name = JsonReciprocity;
			productName = JsonReciprocity;
			productReference = 5AE467071B4E175400957C31 /* JsonReciprocity.app */;
			productType = "com.apple.product-type.application";
		};
		5AE4671F1B4E175400957C31 /* JsonReciprocityTests */ = {
			isa = PBXNativeTarget;
			buildConfigurationList = 5AE4672D1B4E175400957C31 /* Build configuration list for PBXNativeTarget "JsonReciprocityTests" */;
			buildPhases = (
				C36B645C30877C692AAB6E8B /* Check Pods Manifest.lock */,
				5AE4671C1B4E175400957C31 /* Sources */,
				5AE4671D1B4E175400957C31 /* Frameworks */,
				5AE4671E1B4E175400957C31 /* Resources */,
				D2E4BB002D51CA087C5C3F8C /* Copy Pods Resources */,
			);
			buildRules = (
			);
			dependencies = (
				5AE467221B4E175400957C31 /* PBXTargetDependency */,
			);
			name = JsonReciprocityTests;
			productName = JsonReciprocityTests;
			productReference = 5AE467201B4E175400957C31 /* JsonReciprocityTests.xctest */;
			productType = "com.apple.product-type.bundle.unit-test";
		};
/* End PBXNativeTarget section */

/* Begin PBXProject section */
		5AE466FF1B4E175400957C31 /* Project object */ = {
			isa = PBXProject;
			attributes = {
				LastUpgradeCheck = 0630;
				ORGANIZATIONNAME = liu;
				TargetAttributes = {
					5AE467061B4E175400957C31 = {
						CreatedOnToolsVersion = 6.3.2;
					};
					5AE4671F1B4E175400957C31 = {
						CreatedOnToolsVersion = 6.3.2;
						TestTargetID = 5AE467061B4E175400957C31;
					};
				};
			};
			buildConfigurationList = 5AE467021B4E175400957C31 /* Build configuration list for PBXProject "JsonReciprocity" */;
			compatibilityVersion = "Xcode 3.2";
			developmentRegion = English;
			hasScannedForEncodings = 0;
			knownRegions = (
				en,
				Base,
			);
			mainGroup = 5AE466FE1B4E175400957C31;
			productRefGroup = 5AE467081B4E175400957C31 /* Products */;
			projectDirPath = "";
			projectRoot = "";
			targets = (
				5AE467061B4E175400957C31 /* JsonReciprocity */,
				5AE4671F1B4E175400957C31 /* JsonReciprocityTests */,
			);
		};
/* End PBXProject section */

/* Begin PBXResourcesBuildPhase section */
		5AE467051B4E175400957C31 /* Resources */ = {
			isa = PBXResourcesBuildPhase;
			buildActionMask = 2147483647;
			files = (
				5AE467731B4E17A200957C31 /* complex.json in Resources */,
				5AE467751B4E17A200957C31 /* irregular_key.json in Resources */,
				5AE467161B4E175400957C31 /* Main.storyboard in Resources */,
				5AE4671B1B4E175400957C31 /* LaunchScreen.xib in Resources */,
				5AE4677B1B4E17A200957C31 /* single_complex.json in Resources */,
				5AE467771B4E17A200957C31 /* multi_complex.json in Resources */,
				5AE467181B4E175400957C31 /* Images.xcassets in Resources */,
				5AE467791B4E17A200957C31 /* simple_type.json in Resources */,
			);
			runOnlyForDeploymentPostprocessing = 0;
		};
		5AE4671E1B4E175400957C31 /* Resources */ = {
			isa = PBXResourcesBuildPhase;
			buildActionMask = 2147483647;
			files = (
				5AE467741B4E17A200957C31 /* complex.json in Resources */,
				5AE467781B4E17A200957C31 /* multi_complex.json in Resources */,
				5AE4677C1B4E17A200957C31 /* single_complex.json in Resources */,
				5AE467761B4E17A200957C31 /* irregular_key.json in Resources */,
				5AE4677A1B4E17A200957C31 /* simple_type.json in Resources */,
			);
			runOnlyForDeploymentPostprocessing = 0;
		};
/* End PBXResourcesBuildPhase section */

/* Begin PBXShellScriptBuildPhase section */
		C36B645C30877C692AAB6E8B /* Check Pods Manifest.lock */ = {
			isa = PBXShellScriptBuildPhase;
			buildActionMask = 2147483647;
			files = (
			);
			inputPaths = (
			);
			name = "Check Pods Manifest.lock";
			outputPaths = (
			);
			runOnlyForDeploymentPostprocessing = 0;
			shellPath = /bin/sh;
			shellScript = "diff \"${PODS_ROOT}/../Podfile.lock\" \"${PODS_ROOT}/Manifest.lock\" > /dev/null\nif [[ $? != 0 ]] ; then\n    cat << EOM\nerror: The sandbox is not in sync with the Podfile.lock. Run 'pod install' or update your CocoaPods installation.\nEOM\n    exit 1\nfi\n";
			showEnvVarsInLog = 0;
		};
		D2E4BB002D51CA087C5C3F8C /* Copy Pods Resources */ = {
			isa = PBXShellScriptBuildPhase;
			buildActionMask = 2147483647;
			files = (
			);
			inputPaths = (
			);
			name = "Copy Pods Resources";
			outputPaths = (
			);
			runOnlyForDeploymentPostprocessing = 0;
			shellPath = /bin/sh;
			shellScript = "\"${SRCROOT}/Pods/Target Support Files/Pods-JsonReciprocityTests/Pods-JsonReciprocityTests-resources.sh\"\n";
			showEnvVarsInLog = 0;
		};
/* End PBXShellScriptBuildPhase section */

/* Begin PBXSourcesBuildPhase section */
		5AE467031B4E175400957C31 /* Sources */ = {
			isa = PBXSourcesBuildPhase;
			buildActionMask = 2147483647;
			files = (
				5AE467471B4E177700957C31 /* PersonModel.m in Sources */,
				5A15AB861BFAF5A1009EF70E /* BaseObject.m in Sources */,
				5AE467131B4E175400957C31 /* ViewController.m in Sources */,
				5AE467101B4E175400957C31 /* AppDelegate.m in Sources */,
				5AE4670D1B4E175400957C31 /* main.m in Sources */,
				5A320DD31B528B180071F850 /* TestObject.m in Sources */,
				5AE4673B1B4E177200957C31 /* JsonSerialization.m in Sources */,
				5AE467451B4E177700957C31 /* CarModel.m in Sources */,
				5AC6BB0E1E0A9142002E1FE4 /* TestString.m in Sources */,
				5AE4673D1B4E177200957C31 /* NSObject+JsonReciprocity.m in Sources */,
				5A690E431BFC9940002B42FD /* JsonReciprocityManager.m in Sources */,
				5AE467461B4E177700957C31 /* HouseModel.m in Sources */,
				5AE4673A1B4E177200957C31 /* JsonDeserializstion.m in Sources */,
				5AE4673C1B4E177200957C31 /* NSMutableDictionary+SafeSet.m in Sources */,
			);
			runOnlyForDeploymentPostprocessing = 0;
		};
		5AE4671C1B4E175400957C31 /* Sources */ = {
			isa = PBXSourcesBuildPhase;
			buildActionMask = 2147483647;
			files = (
				5AE4675F1B4E179700957C31 /* ComplexStructureTests.m in Sources */,
				5AE467691B4E179700957C31 /* IrregularTestModel.m in Sources */,
				5AE4676B1B4E179700957C31 /* PersonMTLModel.m in Sources */,
				5AE467271B4E175400957C31 /* JsonReciprocityTests.m in Sources */,
				5AE467671B4E179700957C31 /* HouseJsonModel.m in Sources */,
				5AE467651B4E179700957C31 /* CarJsonModel.m in Sources */,
				5A4B5A261B8D81DD00FC6BA8 /* CustomTests.m in Sources */,
				5A4B5A291B8D834600FC6BA8 /* CustomObject.m in Sources */,
				5AE467601B4E179700957C31 /* ExchangeEachTests.m in Sources */,
				5AE467681B4E179700957C31 /* HouseMTLModel.m in Sources */,
				5AE467631B4E179700957C31 /* ObjectSerializationTests.m in Sources */,
				5AE467611B4E179700957C31 /* IrregularTests.m in Sources */,
				5AE4676A1B4E179700957C31 /* PersonJsonModel.m in Sources */,
				5AE4676C1B4E179700957C31 /* SimpleTypeTestModel.m in Sources */,
				5AE467621B4E179700957C31 /* JsonSerializationTests.m in Sources */,
				5AE467641B4E179700957C31 /* SimpleTypeTests.m in Sources */,
				5AE467661B4E179700957C31 /* CarMTLModel.m in Sources */,
			);
			runOnlyForDeploymentPostprocessing = 0;
		};
/* End PBXSourcesBuildPhase section */

/* Begin PBXTargetDependency section */
		5AE467221B4E175400957C31 /* PBXTargetDependency */ = {
			isa = PBXTargetDependency;
			target = 5AE467061B4E175400957C31 /* JsonReciprocity */;
			targetProxy = 5AE467211B4E175400957C31 /* PBXContainerItemProxy */;
		};
/* End PBXTargetDependency section */

/* Begin PBXVariantGroup section */
		5AE467141B4E175400957C31 /* Main.storyboard */ = {
			isa = PBXVariantGroup;
			children = (
				5AE467151B4E175400957C31 /* Base */,
			);
			name = Main.storyboard;
			sourceTree = "<group>";
		};
		5AE467191B4E175400957C31 /* LaunchScreen.xib */ = {
			isa = PBXVariantGroup;
			children = (
				5AE4671A1B4E175400957C31 /* Base */,
			);
			name = LaunchScreen.xib;
			sourceTree = "<group>";
		};
/* End PBXVariantGroup section */

/* Begin XCBuildConfiguration section */
		5AE467281B4E175400957C31 /* Debug */ = {
			isa = XCBuildConfiguration;
			buildSettings = {
				ALWAYS_SEARCH_USER_PATHS = NO;
				CLANG_CXX_LANGUAGE_STANDARD = "gnu++0x";
				CLANG_CXX_LIBRARY = "libc++";
				CLANG_ENABLE_MODULES = YES;
				CLANG_ENABLE_OBJC_ARC = YES;
				CLANG_WARN_BOOL_CONVERSION = YES;
				CLANG_WARN_CONSTANT_CONVERSION = YES;
				CLANG_WARN_DIRECT_OBJC_ISA_USAGE = YES_ERROR;
				CLANG_WARN_EMPTY_BODY = YES;
				CLANG_WARN_ENUM_CONVERSION = YES;
				CLANG_WARN_INT_CONVERSION = YES;
				CLANG_WARN_OBJC_ROOT_CLASS = YES_ERROR;
				CLANG_WARN_UNREACHABLE_CODE = YES;
				CLANG_WARN__DUPLICATE_METHOD_MATCH = YES;
				"CODE_SIGN_IDENTITY[sdk=iphoneos*]" = "iPhone Developer";
				COPY_PHASE_STRIP = NO;
				DEBUG_INFORMATION_FORMAT = "dwarf-with-dsym";
				ENABLE_STRICT_OBJC_MSGSEND = YES;
				GCC_C_LANGUAGE_STANDARD = gnu99;
				GCC_DYNAMIC_NO_PIC = NO;
				GCC_NO_COMMON_BLOCKS = YES;
				GCC_OPTIMIZATION_LEVEL = 0;
				GCC_PREPROCESSOR_DEFINITIONS = (
					"DEBUG=1",
					"$(inherited)",
				);
				GCC_SYMBOLS_PRIVATE_EXTERN = NO;
				GCC_WARN_64_TO_32_BIT_CONVERSION = YES;
				GCC_WARN_ABOUT_RETURN_TYPE = YES_ERROR;
				GCC_WARN_UNDECLARED_SELECTOR = YES;
				GCC_WARN_UNINITIALIZED_AUTOS = YES_AGGRESSIVE;
				GCC_WARN_UNUSED_FUNCTION = YES;
				GCC_WARN_UNUSED_VARIABLE = YES;
				IPHONEOS_DEPLOYMENT_TARGET = 8.3;
				MTL_ENABLE_DEBUG_INFO = YES;
				ONLY_ACTIVE_ARCH = YES;
				SDKROOT = iphoneos;
				TARGETED_DEVICE_FAMILY = "1,2";
			};
			name = Debug;
		};
		5AE467291B4E175400957C31 /* Release */ = {
			isa = XCBuildConfiguration;
			buildSettings = {
				ALWAYS_SEARCH_USER_PATHS = NO;
				CLANG_CXX_LANGUAGE_STANDARD = "gnu++0x";
				CLANG_CXX_LIBRARY = "libc++";
				CLANG_ENABLE_MODULES = YES;
				CLANG_ENABLE_OBJC_ARC = YES;
				CLANG_WARN_BOOL_CONVERSION = YES;
				CLANG_WARN_CONSTANT_CONVERSION = YES;
				CLANG_WARN_DIRECT_OBJC_ISA_USAGE = YES_ERROR;
				CLANG_WARN_EMPTY_BODY = YES;
				CLANG_WARN_ENUM_CONVERSION = YES;
				CLANG_WARN_INT_CONVERSION = YES;
				CLANG_WARN_OBJC_ROOT_CLASS = YES_ERROR;
				CLANG_WARN_UNREACHABLE_CODE = YES;
				CLANG_WARN__DUPLICATE_METHOD_MATCH = YES;
				"CODE_SIGN_IDENTITY[sdk=iphoneos*]" = "iPhone Developer";
				COPY_PHASE_STRIP = NO;
				DEBUG_INFORMATION_FORMAT = "dwarf-with-dsym";
				ENABLE_NS_ASSERTIONS = NO;
				ENABLE_STRICT_OBJC_MSGSEND = YES;
				GCC_C_LANGUAGE_STANDARD = gnu99;
				GCC_NO_COMMON_BLOCKS = YES;
				GCC_WARN_64_TO_32_BIT_CONVERSION = YES;
				GCC_WARN_ABOUT_RETURN_TYPE = YES_ERROR;
				GCC_WARN_UNDECLARED_SELECTOR = YES;
				GCC_WARN_UNINITIALIZED_AUTOS = YES_AGGRESSIVE;
				GCC_WARN_UNUSED_FUNCTION = YES;
				GCC_WARN_UNUSED_VARIABLE = YES;
				IPHONEOS_DEPLOYMENT_TARGET = 8.3;
				MTL_ENABLE_DEBUG_INFO = NO;
				SDKROOT = iphoneos;
				TARGETED_DEVICE_FAMILY = "1,2";
				VALIDATE_PRODUCT = YES;
			};
			name = Release;
		};
		5AE4672B1B4E175400957C31 /* Debug */ = {
			isa = XCBuildConfiguration;
			buildSettings = {
				ASSETCATALOG_COMPILER_APPICON_NAME = AppIcon;
				INFOPLIST_FILE = JsonReciprocity/Info.plist;
				LD_RUNPATH_SEARCH_PATHS = "$(inherited) @executable_path/Frameworks";
				PRODUCT_BUNDLE_IDENTIFIER = com.liu.JsonRecoprocity;
				PRODUCT_NAME = "$(TARGET_NAME)";
			};
			name = Debug;
		};
		5AE4672C1B4E175400957C31 /* Release */ = {
			isa = XCBuildConfiguration;
			buildSettings = {
				ASSETCATALOG_COMPILER_APPICON_NAME = AppIcon;
				INFOPLIST_FILE = JsonReciprocity/Info.plist;
				LD_RUNPATH_SEARCH_PATHS = "$(inherited) @executable_path/Frameworks";
				PRODUCT_BUNDLE_IDENTIFIER = com.liu.JsonRecoprocity;
				PRODUCT_NAME = "$(TARGET_NAME)";
			};
			name = Release;
		};
		5AE4672E1B4E175400957C31 /* Debug */ = {
			isa = XCBuildConfiguration;
			baseConfigurationReference = 6F72276313C23B4CF8F8F2F0 /* Pods-JsonReciprocityTests.debug.xcconfig */;
			buildSettings = {
				BUNDLE_LOADER = "$(TEST_HOST)";
				FRAMEWORK_SEARCH_PATHS = (
					"$(SDKROOT)/Developer/Library/Frameworks",
					"$(inherited)",
				);
				GCC_PREPROCESSOR_DEFINITIONS = (
					"DEBUG=1",
					"$(inherited)",
				);
				INFOPLIST_FILE = JsonReciprocityTests/Info.plist;
				LD_RUNPATH_SEARCH_PATHS = "$(inherited) @executable_path/Frameworks @loader_path/Frameworks";
				PRODUCT_NAME = "$(TARGET_NAME)";
				TEST_HOST = "$(BUILT_PRODUCTS_DIR)/JsonReciprocity.app/JsonReciprocity";
			};
			name = Debug;
		};
		5AE4672F1B4E175400957C31 /* Release */ = {
			isa = XCBuildConfiguration;
			baseConfigurationReference = B177AFAFFEC0772B471A0E27 /* Pods-JsonReciprocityTests.release.xcconfig */;
			buildSettings = {
				BUNDLE_LOADER = "$(TEST_HOST)";
				FRAMEWORK_SEARCH_PATHS = (
					"$(SDKROOT)/Developer/Library/Frameworks",
					"$(inherited)",
				);
				INFOPLIST_FILE = JsonReciprocityTests/Info.plist;
				LD_RUNPATH_SEARCH_PATHS = "$(inherited) @executable_path/Frameworks @loader_path/Frameworks";
				PRODUCT_NAME = "$(TARGET_NAME)";
				TEST_HOST = "$(BUILT_PRODUCTS_DIR)/JsonReciprocity.app/JsonReciprocity";
			};
			name = Release;
		};
/* End XCBuildConfiguration section */

/* Begin XCConfigurationList section */
		5AE467021B4E175400957C31 /* Build configuration list for PBXProject "JsonReciprocity" */ = {
			isa = XCConfigurationList;
			buildConfigurations = (
				5AE467281B4E175400957C31 /* Debug */,
				5AE467291B4E175400957C31 /* Release */,
			);
			defaultConfigurationIsVisible = 0;
			defaultConfigurationName = Release;
		};
		5AE4672A1B4E175400957C31 /* Build configuration list for PBXNativeTarget "JsonReciprocity" */ = {
			isa = XCConfigurationList;
			buildConfigurations = (
				5AE4672B1B4E175400957C31 /* Debug */,
				5AE4672C1B4E175400957C31 /* Release */,
			);
			defaultConfigurationIsVisible = 0;
			defaultConfigurationName = Release;
		};
		5AE4672D1B4E175400957C31 /* Build configuration list for PBXNativeTarget "JsonReciprocityTests" */ = {
			isa = XCConfigurationList;
			buildConfigurations = (
				5AE4672E1B4E175400957C31 /* Debug */,
				5AE4672F1B4E175400957C31 /* Release */,
			);
			defaultConfigurationIsVisible = 0;
			defaultConfigurationName = Release;
		};
/* End XCConfigurationList section */
	};
	rootObject = 5AE466FF1B4E175400957C31 /* Project object */;
}
