// !$*UTF8*$!
{
	archiveVersion = 1;
	classes = {
	};
	objectVersion = 46;
	objects = {

/* Begin PBXBuildFile section */
		5AE4670D1B4E175400957C31 /* main.m in Sources */ = {isa = PBXBuildFile; fileRef = 5AE4670C1B4E175400957C31 /* main.m */; };
		5AE467101B4E175400957C31 /* AppDelegate.m in Sources */ = {isa = PBXBuildFile; fileRef = 5AE4670F1B4E175400957C31 /* AppDelegate.m */; };
		5AE467131B4E175400957C31 /* ViewController.m in Sources */ = {isa = PBXBuildFile; fileRef = 5AE467121B4E175400957C31 /* ViewController.m */; };
		5AE467161B4E175400957C31 /* Main.storyboard in Resources */ = {isa = PBXBuildFile; fileRef = 5AE467141B4E175400957C31 /* Main.storyboard */; };
		5AE467181B4E175400957C31 /* Images.xcassets in Resources */ = {isa = PBXBuildFile; fileRef = 5AE467171B4E175400957C31 /* Images.xcassets */; };
		5AE4671B1B4E175400957C31 /* LaunchScreen.xib in Resources */ = {isa = PBXBuildFile; fileRef = 5AE467191B4E175400957C31 /* LaunchScreen.xib */; };
		5AE467271B4E175400957C31 /* JsonReciprocityTests.m in Sources */ = {isa = PBXBuildFile; fileRef = 5AE467261B4E175400957C31 /* JsonReciprocityTests.m */; };
/* End PBXBuildFile section */

/* Begin PBXContainerItemProxy section */
		5AE467211B4E175400957C31 /* PBXContainerItemProxy */ = {
			isa = PBXContainerItemProxy;
			containerPortal = 5AE466FF1B4E175400957C31 /* Project object */;
			proxyType = 1;
			remoteGlobalIDString = 5AE467061B4E175400957C31;
			remoteInfo = JsonReciprocity;
		};
/* End PBXContainerItemProxy section */

/* Begin PBXFileReference section */
		5AE467071B4E175400957C31 /* JsonReciprocity.app */ = {isa = PBXFileReference; explicitFileType = wrapper.application; includeInIndex = 0; path = JsonReciprocity.app; sourceTree = BUILT_PRODUCTS_DIR; };
		5AE4670B1B4E175400957C31 /* Info.plist */ = {isa = PBXFileReference; lastKnownFileType = text.plist.xml; path = Info.plist; sourceTree = "<group>"; };
		5AE4670C1B4E175400957C31 /* main.m */ = {isa = PBXFileReference; lastKnownFileType = sourcecode.c.objc; path = main.m; sourceTree = "<group>"; };
		5AE4670E1B4E175400957C31 /* AppDelegate.h */ = {isa = PBXFileReference; lastKnownFileType = sourcecode.c.h; path = AppDelegate.h; sourceTree = "<group>"; };
		5AE4670F1B4E175400957C31 /* AppDelegate.m */ = {isa = PBXFileReference; lastKnownFileType = sourcecode.c.objc; path = AppDelegate.m; sourceTree = "<group>"; };
		5AE467111B4E175400957C31 /* ViewController.h */ = {isa = PBXFileReference; lastKnownFileType = sourcecode.c.h; path = ViewController.h; sourceTree = "<group>"; };
		5AE467121B4E175400957C31 /* ViewController.m */ = {isa = PBXFileReference; lastKnownFileType = sourcecode.c.objc; path = ViewController.m; sourceTree = "<group>"; };
		5AE467151B4E175400957C31 /* Base */ = {isa = PBXFileReference; lastKnownFileType = file.storyboard; name = Base; path = Base.lproj/Main.storyboard; sourceTree = "<group>"; };
		5AE467171B4E175400957C31 /* Images.xcassets */ = {isa = PBXFileReference; lastKnownFileType = folder.assetcatalog; path = Images.xcassets; sourceTree = "<group>"; };
		5AE4671A1B4E175400957C31 /* Base */ = {isa = PBXFileReference; lastKnownFileType = file.xib; name = Base; path = Base.lproj/LaunchScreen.xib; sourceTree = "<group>"; };
		5AE467201B4E175400957C31 /* JsonReciprocityTests.xctest */ = {isa = PBXFileReference; explicitFileType = wrapper.cfbundle; includeInIndex = 0; path = JsonReciprocityTests.xctest; sourceTree = BUILT_PRODUCTS_DIR; };
		5AE467251B4E175400957C31 /* Info.plist */ = {isa = PBXFileReference; lastKnownFileType = text.plist.xml; path = Info.plist; sourceTree = "<group>"; };
		5AE467261B4E175400957C31 /* JsonReciprocityTests.m */ = {isa = PBXFileReference; lastKnownFileType = sourcecode.c.objc; path = JsonReciprocityTests.m; sourceTree = "<group>"; };
/* End PBXFileReference section */

/* Begin PBXFrameworksBuildPhase section */
		5AE467041B4E175400957C31 /* Frameworks */ = {
			isa = PBXFrameworksBuildPhase;
			buildActionMask = 2147483647;
			files = (
			);
			runOnlyForDeploymentPostprocessing = 0;
		};
		5AE4671D1B4E175400957C31 /* Frameworks */ = {
			isa = PBXFrameworksBuildPhase;
			buildActionMask = 2147483647;
			files = (
			);
			runOnlyForDeploymentPostprocessing = 0;
		};
/* End PBXFrameworksBuildPhase section */

/* Begin PBXGroup section */
		5AE466FE1B4E175400957C31 = {
			isa = PBXGroup;
			children = (
				5AE467091B4E175400957C31 /* JsonReciprocity */,
				5AE467231B4E175400957C31 /* JsonReciprocityTests */,
				5AE467081B4E175400957C31 /* Products */,
			);
			sourceTree = "<group>";
		};
		5AE467081B4E175400957C31 /* Products */ = {
			isa = PBXGroup;
			children = (
				5AE467071B4E175400957C31 /* JsonReciprocity.app */,
				5AE467201B4E175400957C31 /* JsonReciprocityTests.xctest */,
			);
			name = Products;
			sourceTree = "<group>";
		};
		5AE467091B4E175400957C31 /* JsonReciprocity */ = {
			isa = PBXGroup;
			children = (
				5AE4670E1B4E175400957C31 /* AppDelegate.h */,
				5AE4670F1B4E175400957C31 /* AppDelegate.m */,
				5AE467111B4E175400957C31 /* ViewController.h */,
				5AE467121B4E175400957C31 /* ViewController.m */,
				5AE467141B4E175400957C31 /* Main.storyboard */,
				5AE467171B4E175400957C31 /* Images.xcassets */,
				5AE467191B4E175400957C31 /* LaunchScreen.xib */,
				5AE4670A1B4E175400957C31 /* Supporting Files */,
			);
			path = JsonReciprocity;
			sourceTree = "<group>";
		};
		5AE4670A1B4E175400957C31 /* Supporting Files */ = {
			isa = PBXGroup;
			children = (
				5AE4670B1B4E175400957C31 /* Info.plist */,
				5AE4670C1B4E175400957C31 /* main.m */,
			);
			name = "Supporting Files";
			sourceTree = "<group>";
		};
		5AE467231B4E175400957C31 /* JsonReciprocityTests */ = {
			isa = PBXGroup;
			children = (
				5AE467261B4E175400957C31 /* JsonReciprocityTests.m */,
				5AE467241B4E175400957C31 /* Supporting Files */,
			);
			path = JsonReciprocityTests;
			sourceTree = "<group>";
		};
		5AE467241B4E175400957C31 /* Supporting Files */ = {
			isa = PBXGroup;
			children = (
				5AE467251B4E175400957C31 /* Info.plist */,
			);
			name = "Supporting Files";
			sourceTree = "<group>";
		};
/* End PBXGroup section */

/* Begin PBXNativeTarget section */
		5AE467061B4E175400957C31 /* JsonReciprocity */ = {
			isa = PBXNativeTarget;
			buildConfigurationList = 5AE4672A1B4E175400957C31 /* Build configuration list for PBXNativeTarget "JsonReciprocity" */;
			buildPhases = (
				5AE467031B4E175400957C31 /* Sources */,
				5AE467041B4E175400957C31 /* Frameworks */,
				5AE467051B4E175400957C31 /* Resources */,
			);
			buildRules = (
			);
			dependencies = (
			);
			name = JsonReciprocity;
			productName = JsonReciprocity;
			productReference = 5AE467071B4E175400957C31 /* JsonReciprocity.app */;
			productType = "com.apple.product-type.application";
		};
		5AE4671F1B4E175400957C31 /* JsonReciprocityTests */ = {
			isa = PBXNativeTarget;
			buildConfigurationList = 5AE4672D1B4E175400957C31 /* Build configuration list for PBXNativeTarget "JsonReciprocityTests" */;
			buildPhases = (
				5AE4671C1B4E175400957C31 /* Sources */,
				5AE4671D1B4E175400957C31 /* Frameworks */,
				5AE4671E1B4E175400957C31 /* Resources */,
			);
			buildRules = (
			);
			dependencies = (
				5AE467221B4E175400957C31 /* PBXTargetDependency */,
			);
			name = JsonReciprocityTests;
			productName = JsonReciprocityTests;
			productReference = 5AE467201B4E175400957C31 /* JsonReciprocityTests.xctest */;
			productType = "com.apple.product-type.bundle.unit-test";
		};
/* End PBXNativeTarget section */

/* Begin PBXProject section */
		5AE466FF1B4E175400957C31 /* Project object */ = {
			isa = PBXProject;
			attributes = {
				LastUpgradeCheck = 0630;
				ORGANIZATIONNAME = liu;
				TargetAttributes = {
					5AE467061B4E175400957C31 = {
						CreatedOnToolsVersion = 6.3.2;
					};
					5AE4671F1B4E175400957C31 = {
						CreatedOnToolsVersion = 6.3.2;
						TestTargetID = 5AE467061B4E175400957C31;
					};
				};
			};
			buildConfigurationList = 5AE467021B4E175400957C31 /* Build configuration list for PBXProject "JsonReciprocity" */;
			compatibilityVersion = "Xcode 3.2";
			developmentRegion = English;
			hasScannedForEncodings = 0;
			knownRegions = (
				en,
				Base,
			);
			mainGroup = 5AE466FE1B4E175400957C31;
			productRefGroup = 5AE467081B4E175400957C31 /* Products */;
			projectDirPath = "";
			projectRoot = "";
			targets = (
				5AE467061B4E175400957C31 /* JsonReciprocity */,
				5AE4671F1B4E175400957C31 /* JsonReciprocityTests */,
			);
		};
/* End PBXProject section */

/* Begin PBXResourcesBuildPhase section */
		5AE467051B4E175400957C31 /* Resources */ = {
			isa = PBXResourcesBuildPhase;
			buildActionMask = 2147483647;
			files = (
				5AE467161B4E175400957C31 /* Main.storyboard in Resources */,
				5AE4671B1B4E175400957C31 /* LaunchScreen.xib in Resources */,
				5AE467181B4E175400957C31 /* Images.xcassets in Resources */,
			);
			runOnlyForDeploymentPostprocessing = 0;
		};
		5AE4671E1B4E175400957C31 /* Resources */ = {
			isa = PBXResourcesBuildPhase;
			buildActionMask = 2147483647;
			files = (
			);
			runOnlyForDeploymentPostprocessing = 0;
		};
/* End PBXResourcesBuildPhase section */

/* Begin PBXSourcesBuildPhase section */
		5AE467031B4E175400957C31 /* Sources */ = {
			isa = PBXSourcesBuildPhase;
			buildActionMask = 2147483647;
			files = (
				5AE467131B4E175400957C31 /* ViewController.m in Sources */,
				5AE467101B4E175400957C31 /* AppDelegate.m in Sources */,
				5AE4670D1B4E175400957C31 /* main.m in Sources */,
			);
			runOnlyForDeploymentPostprocessing = 0;
		};
		5AE4671C1B4E175400957C31 /* Sources */ = {
			isa = PBXSourcesBuildPhase;
			buildActionMask = 2147483647;
			files = (
				5AE467271B4E175400957C31 /* JsonReciprocityTests.m in Sources */,
			);
			runOnlyForDeploymentPostprocessing = 0;
		};
/* End PBXSourcesBuildPhase section */

/* Begin PBXTargetDependency section */
		5AE467221B4E175400957C31 /* PBXTargetDependency */ = {
			isa = PBXTargetDependency;
			target = 5AE467061B4E175400957C31 /* JsonReciprocity */;
			targetProxy = 5AE467211B4E175400957C31 /* PBXContainerItemProxy */;
		};
/* End PBXTargetDependency section */

/* Begin PBXVariantGroup section */
		5AE467141B4E175400957C31 /* Main.storyboard */ = {
			isa = PBXVariantGroup;
			children = (
				5AE467151B4E175400957C31 /* Base */,
			);
			name = Main.storyboard;
			sourceTree = "<group>";
		};
		5AE467191B4E175400957C31 /* LaunchScreen.xib */ = {
			isa = PBXVariantGroup;
			children = (
				5AE4671A1B4E175400957C31 /* Base */,
			);
			name = LaunchScreen.xib;
			sourceTree = "<group>";
		};
/* End PBXVariantGroup section */

/* Begin XCBuildConfiguration section */
		5AE467281B4E175400957C31 /* Debug */ = {
			isa = XCBuildConfiguration;
			buildSettings = {
				ALWAYS_SEARCH_USER_PATHS = NO;
				CLANG_CXX_LANGUAGE_STANDARD = "gnu++0x";
				CLANG_CXX_LIBRARY = "libc++";
				CLANG_ENABLE_MODULES = YES;
				CLANG_ENABLE_OBJC_ARC = YES;
				CLANG_WARN_BOOL_CONVERSION = YES;
				CLANG_WARN_CONSTANT_CONVERSION = YES;
				CLANG_WARN_DIRECT_OBJC_ISA_USAGE = YES_ERROR;
				CLANG_WARN_EMPTY_BODY = YES;
				CLANG_WARN_ENUM_CONVERSION = YES;
				CLANG_WARN_INT_CONVERSION = YES;
				CLANG_WARN_OBJC_ROOT_CLASS = YES_ERROR;
				CLANG_WARN_UNREACHABLE_CODE = YES;
				CLANG_WARN__DUPLICATE_METHOD_MATCH = YES;
				"CODE_SIGN_IDENTITY[sdk=iphoneos*]" = "iPhone Developer";
				COPY_PHASE_STRIP = NO;
				DEBUG_INFORMATION_FORMAT = "dwarf-with-dsym";
				ENABLE_STRICT_OBJC_MSGSEND = YES;
				GCC_C_LANGUAGE_STANDARD = gnu99;
				GCC_DYNAMIC_NO_PIC = NO;
				GCC_NO_COMMON_BLOCKS = YES;
				GCC_OPTIMIZATION_LEVEL = 0;
				GCC_PREPROCESSOR_DEFINITIONS = (
					"DEBUG=1",
					"$(inherited)",
				);
				GCC_SYMBOLS_PRIVATE_EXTERN = NO;
				GCC_WARN_64_TO_32_BIT_CONVERSION = YES;
				GCC_WARN_ABOUT_RETURN_TYPE = YES_ERROR;
				GCC_WARN_UNDECLARED_SELECTOR = YES;
				GCC_WARN_UNINITIALIZED_AUTOS = YES_AGGRESSIVE;
				GCC_WARN_UNUSED_FUNCTION = YES;
				GCC_WARN_UNUSED_VARIABLE = YES;
				IPHONEOS_DEPLOYMENT_TARGET = 8.3;
				MTL_ENABLE_DEBUG_INFO = YES;
				ONLY_ACTIVE_ARCH = YES;
				SDKROOT = iphoneos;
				TARGETED_DEVICE_FAMILY = "1,2";
			};
			name = Debug;
		};
		5AE467291B4E175400957C31 /* Release */ = {
			isa = XCBuildConfiguration;
			buildSettings = {
				ALWAYS_SEARCH_USER_PATHS = NO;
				CLANG_CXX_LANGUAGE_STANDARD = "gnu++0x";
				CLANG_CXX_LIBRARY = "libc++";
				CLANG_ENABLE_MODULES = YES;
				CLANG_ENABLE_OBJC_ARC = YES;
				CLANG_WARN_BOOL_CONVERSION = YES;
				CLANG_WARN_CONSTANT_CONVERSION = YES;
				CLANG_WARN_DIRECT_OBJC_ISA_USAGE = YES_ERROR;
				CLANG_WARN_EMPTY_BODY = YES;
				CLANG_WARN_ENUM_CONVERSION = YES;
				CLANG_WARN_INT_CONVERSION = YES;
				CLANG_WARN_OBJC_ROOT_CLASS = YES_ERROR;
				CLANG_WARN_UNREACHABLE_CODE = YES;
				CLANG_WARN__DUPLICATE_METHOD_MATCH = YES;
				"CODE_SIGN_IDENTITY[sdk=iphoneos*]" = "iPhone Developer";
				COPY_PHASE_STRIP = NO;
				DEBUG_INFORMATION_FORMAT = "dwarf-with-dsym";
				ENABLE_NS_ASSERTIONS = NO;
				ENABLE_STRICT_OBJC_MSGSEND = YES;
				GCC_C_LANGUAGE_STANDARD = gnu99;
				GCC_NO_COMMON_BLOCKS = YES;
				GCC_WARN_64_TO_32_BIT_CONVERSION = YES;
				GCC_WARN_ABOUT_RETURN_TYPE = YES_ERROR;
				GCC_WARN_UNDECLARED_SELECTOR = YES;
				GCC_WARN_UNINITIALIZED_AUTOS = YES_AGGRESSIVE;
				GCC_WARN_UNUSED_FUNCTION = YES;
				GCC_WARN_UNUSED_VARIABLE = YES;
				IPHONEOS_DEPLOYMENT_TARGET = 8.3;
				MTL_ENABLE_DEBUG_INFO = NO;
				SDKROOT = iphoneos;
				TARGETED_DEVICE_FAMILY = "1,2";
				VALIDATE_PRODUCT = YES;
			};
			name = Release;
		};
		5AE4672B1B4E175400957C31 /* Debug */ = {
			isa = XCBuildConfiguration;
			buildSettings = {
				ASSETCATALOG_COMPILER_APPICON_NAME = AppIcon;
				INFOPLIST_FILE = JsonReciprocity/Info.plist;
				LD_RUNPATH_SEARCH_PATHS = "$(inherited) @executable_path/Frameworks";
				PRODUCT_NAME = "$(TARGET_NAME)";
			};
			name = Debug;
		};
		5AE4672C1B4E175400957C31 /* Release */ = {
			isa = XCBuildConfiguration;
			buildSettings = {
				ASSETCATALOG_COMPILER_APPICON_NAME = AppIcon;
				INFOPLIST_FILE = JsonReciprocity/Info.plist;
				LD_RUNPATH_SEARCH_PATHS = "$(inherited) @executable_path/Frameworks";
				PRODUCT_NAME = "$(TARGET_NAME)";
			};
			name = Release;
		};
		5AE4672E1B4E175400957C31 /* Debug */ = {
			isa = XCBuildConfiguration;
			buildSettings = {
				BUNDLE_LOADER = "$(TEST_HOST)";
				FRAMEWORK_SEARCH_PATHS = (
					"$(SDKROOT)/Developer/Library/Frameworks",
					"$(inherited)",
				);
				GCC_PREPROCESSOR_DEFINITIONS = (
					"DEBUG=1",
					"$(inherited)",
				);
				INFOPLIST_FILE = JsonReciprocityTests/Info.plist;
				LD_RUNPATH_SEARCH_PATHS = "$(inherited) @executable_path/Frameworks @loader_path/Frameworks";
				PRODUCT_NAME = "$(TARGET_NAME)";
				TEST_HOST = "$(BUILT_PRODUCTS_DIR)/JsonReciprocity.app/JsonReciprocity";
			};
			name = Debug;
		};
		5AE4672F1B4E175400957C31 /* Release */ = {
			isa = XCBuildConfiguration;
			buildSettings = {
				BUNDLE_LOADER = "$(TEST_HOST)";
				FRAMEWORK_SEARCH_PATHS = (
					"$(SDKROOT)/Developer/Library/Frameworks",
					"$(inherited)",
				);
				INFOPLIST_FILE = JsonReciprocityTests/Info.plist;
				LD_RUNPATH_SEARCH_PATHS = "$(inherited) @executable_path/Frameworks @loader_path/Frameworks";
				PRODUCT_NAME = "$(TARGET_NAME)";
				TEST_HOST = "$(BUILT_PRODUCTS_DIR)/JsonReciprocity.app/JsonReciprocity";
			};
			name = Release;
		};
/* End XCBuildConfiguration section */

/* Begin XCConfigurationList section */
		5AE467021B4E175400957C31 /* Build configuration list for PBXProject "JsonReciprocity" */ = {
			isa = XCConfigurationList;
			buildConfigurations = (
				5AE467281B4E175400957C31 /* Debug */,
				5AE467291B4E175400957C31 /* Release */,
			);
			defaultConfigurationIsVisible = 0;
			defaultConfigurationName = Release;
		};
		5AE4672A1B4E175400957C31 /* Build configuration list for PBXNativeTarget "JsonReciprocity" */ = {
			isa = XCConfigurationList;
			buildConfigurations = (
				5AE4672B1B4E175400957C31 /* Debug */,
				5AE4672C1B4E175400957C31 /* Release */,
			);
			defaultConfigurationIsVisible = 0;
		};
		5AE4672D1B4E175400957C31 /* Build configuration list for PBXNativeTarget "JsonReciprocityTests" */ = {
			isa = XCConfigurationList;
			buildConfigurations = (
				5AE4672E1B4E175400957C31 /* Debug */,
				5AE4672F1B4E175400957C31 /* Release */,
			);
			defaultConfigurationIsVisible = 0;
		};
/* End XCConfigurationList section */
	};
	rootObject = 5AE466FF1B4E175400957C31 /* Project object */;
}
